// !$*UTF8*$!
{
	archiveVersion = 1;
	classes = {
	};
	objectVersion = 63;
	objects = {

/* Begin PBXBuildFile section */
		1C127D758246D0692829CD91 /* Pods_Tracker.framework in Frameworks */ = {isa = PBXBuildFile; fileRef = ADA1A92B22B9F722190440D1 /* Pods_Tracker.framework */; };
		5B7337937CA0DA3760270A0F /* Pods_Tracker_TrackerUITests.framework in Frameworks */ = {isa = PBXBuildFile; fileRef = F4B173592883E4911DA15C5F /* Pods_Tracker_TrackerUITests.framework */; };
		EA0C83562D177F1300E28FFE /* InlineSnapshotTesting in Frameworks */ = {isa = PBXBuildFile; productRef = EA0C83552D177F1300E28FFE /* InlineSnapshotTesting */; };
		EA0C83582D177F1300E28FFE /* SnapshotTesting in Frameworks */ = {isa = PBXBuildFile; productRef = EA0C83572D177F1300E28FFE /* SnapshotTesting */; };
		EA295DB52D36D77D00E3DBBB /* TrackerUITests.swift in Sources */ = {isa = PBXBuildFile; fileRef = EA295DB22D36D77D00E3DBBB /* TrackerUITests.swift */; };
		EA295DB62D36D77D00E3DBBB /* TrackerUITestsLaunchTests.swift in Sources */ = {isa = PBXBuildFile; fileRef = EA295DB32D36D77D00E3DBBB /* TrackerUITestsLaunchTests.swift */; };
		EA295DBD2D36D77D00E3DBBB /* TrackerTests.swift in Sources */ = {isa = PBXBuildFile; fileRef = EA295DBB2D36D77D00E3DBBB /* TrackerTests.swift */; };
		EA295DBE2D36D77D00E3DBBB /* testTrackersViewControllerAppearance_LightAndDark.Light.png in Resources */ = {isa = PBXBuildFile; fileRef = EA295DB72D36D77D00E3DBBB /* testTrackersViewControllerAppearance_LightAndDark.Light.png */; };
		EA295DBF2D36D77D00E3DBBB /* testTrackersViewControllerAppearance_LightAndDark.Light_Modified.png in Resources */ = {isa = PBXBuildFile; fileRef = EA295DB82D36D77D00E3DBBB /* testTrackersViewControllerAppearance_LightAndDark.Light_Modified.png */; };
		EA295E092D36D77D00E3DBBB /* Localizable.strings in Resources */ = {isa = PBXBuildFile; fileRef = EA295DDB2D36D77D00E3DBBB /* Localizable.strings */; };
		EA295E0A2D36D77D00E3DBBB /* Localizable.stringsdict in Resources */ = {isa = PBXBuildFile; fileRef = EA295DDE2D36D77D00E3DBBB /* Localizable.stringsdict */; };
		EA295E0B2D36D77D00E3DBBB /* Assets.xcassets in Resources */ = {isa = PBXBuildFile; fileRef = EA295DFF2D36D77D00E3DBBB /* Assets.xcassets */; };
		EA295E0D2D36D77D00E3DBBB /* LaunchScreen.storyboard in Resources */ = {isa = PBXBuildFile; fileRef = EA295E022D36D77D00E3DBBB /* LaunchScreen.storyboard */; };
		EA295E0E2D36D77D00E3DBBB /* CategoryCreateViewController.swift in Sources */ = {isa = PBXBuildFile; fileRef = EA295DC02D36D77D00E3DBBB /* CategoryCreateViewController.swift */; };
		EA295E0F2D36D77D00E3DBBB /* CategoryTableCell.swift in Sources */ = {isa = PBXBuildFile; fileRef = EA295DC12D36D77D00E3DBBB /* CategoryTableCell.swift */; };
		EA295E102D36D77D00E3DBBB /* CategoryViewController.swift in Sources */ = {isa = PBXBuildFile; fileRef = EA295DC22D36D77D00E3DBBB /* CategoryViewController.swift */; };
		EA295E112D36D77D00E3DBBB /* CategoryViewModel.swift in Sources */ = {isa = PBXBuildFile; fileRef = EA295DC32D36D77D00E3DBBB /* CategoryViewModel.swift */; };
		EA295E122D36D77D00E3DBBB /* CellColorCollections.swift in Sources */ = {isa = PBXBuildFile; fileRef = EA295DC52D36D77D00E3DBBB /* CellColorCollections.swift */; };
		EA295E132D36D77D00E3DBBB /* CellEmojiCollections.swift in Sources */ = {isa = PBXBuildFile; fileRef = EA295DC62D36D77D00E3DBBB /* CellEmojiCollections.swift */; };
		EA295E142D36D77D00E3DBBB /* TableHabitCellController.swift in Sources */ = {isa = PBXBuildFile; fileRef = EA295DC72D36D77D00E3DBBB /* TableHabitCellController.swift */; };
		EA295E152D36D77D00E3DBBB /* TableViewCell.swift in Sources */ = {isa = PBXBuildFile; fileRef = EA295DC82D36D77D00E3DBBB /* TableViewCell.swift */; };
		EA295E162D36D77D00E3DBBB /* TrackerCell.swift in Sources */ = {isa = PBXBuildFile; fileRef = EA295DC92D36D77D00E3DBBB /* TrackerCell.swift */; };
		EA295E172D36D77D00E3DBBB /* Tracker.xcdatamodeld in Sources */ = {isa = PBXBuildFile; fileRef = EA295DCB2D36D77D00E3DBBB /* Tracker.xcdatamodeld */; };
		EA295E182D36D77D00E3DBBB /* NewEventCreateViewController.swift in Sources */ = {isa = PBXBuildFile; fileRef = EA295DCD2D36D77D00E3DBBB /* NewEventCreateViewController.swift */; };
		EA295E192D36D77D00E3DBBB /* CellFilterTable.swift in Sources */ = {isa = PBXBuildFile; fileRef = EA295DCF2D36D77D00E3DBBB /* CellFilterTable.swift */; };
		EA295E1A2D36D77D00E3DBBB /* FilterType.swift in Sources */ = {isa = PBXBuildFile; fileRef = EA295DD02D36D77D00E3DBBB /* FilterType.swift */; };
		EA295E1B2D36D77D00E3DBBB /* FilterViewController.swift in Sources */ = {isa = PBXBuildFile; fileRef = EA295DD12D36D77D00E3DBBB /* FilterViewController.swift */; };
		EA295E1C2D36D77D00E3DBBB /* NewHabitCreateViewController.swift in Sources */ = {isa = PBXBuildFile; fileRef = EA295DD32D36D77D00E3DBBB /* NewHabitCreateViewController.swift */; };
		EA295E1D2D36D77D00E3DBBB /* Header.swift in Sources */ = {isa = PBXBuildFile; fileRef = EA295DD52D36D77D00E3DBBB /* Header.swift */; };
		EA295E1E2D36D77D00E3DBBB /* HeaderColor.swift in Sources */ = {isa = PBXBuildFile; fileRef = EA295DD62D36D77D00E3DBBB /* HeaderColor.swift */; };
		EA295E1F2D36D77D00E3DBBB /* HeaderEmoji.swift in Sources */ = {isa = PBXBuildFile; fileRef = EA295DD72D36D77D00E3DBBB /* HeaderEmoji.swift */; };
		EA295E202D36D77D00E3DBBB /* OnboardingCustomController.swift in Sources */ = {isa = PBXBuildFile; fileRef = EA295DE12D36D77D00E3DBBB /* OnboardingCustomController.swift */; };
		EA295E212D36D77D00E3DBBB /* OnboardingViewController.swift in Sources */ = {isa = PBXBuildFile; fileRef = EA295DE22D36D77D00E3DBBB /* OnboardingViewController.swift */; };
		EA295E222D36D77D00E3DBBB /* PageModel.swift in Sources */ = {isa = PBXBuildFile; fileRef = EA295DE32D36D77D00E3DBBB /* PageModel.swift */; };
		EA295E232D36D77D00E3DBBB /* ScheduleViewController.swift in Sources */ = {isa = PBXBuildFile; fileRef = EA295DE52D36D77D00E3DBBB /* ScheduleViewController.swift */; };
		EA295E242D36D77D00E3DBBB /* CellStatisticsTableView.swift in Sources */ = {isa = PBXBuildFile; fileRef = EA295DE72D36D77D00E3DBBB /* CellStatisticsTableView.swift */; };
		EA295E252D36D77D00E3DBBB /* gradient.swift in Sources */ = {isa = PBXBuildFile; fileRef = EA295DE82D36D77D00E3DBBB /* gradient.swift */; };
		EA295E262D36D77D00E3DBBB /* Statistic.swift in Sources */ = {isa = PBXBuildFile; fileRef = EA295DE92D36D77D00E3DBBB /* Statistic.swift */; };
		EA295E272D36D77D00E3DBBB /* StatisticViewController.swift in Sources */ = {isa = PBXBuildFile; fileRef = EA295DEA2D36D77D00E3DBBB /* StatisticViewController.swift */; };
		EA295E282D36D77D00E3DBBB /* TrackerCategoryStore.swift in Sources */ = {isa = PBXBuildFile; fileRef = EA295DEC2D36D77D00E3DBBB /* TrackerCategoryStore.swift */; };
		EA295E292D36D77D00E3DBBB /* TrackerRecordStore.swift in Sources */ = {isa = PBXBuildFile; fileRef = EA295DED2D36D77D00E3DBBB /* TrackerRecordStore.swift */; };
		EA295E2A2D36D77D00E3DBBB /* TrackerStore.swift in Sources */ = {isa = PBXBuildFile; fileRef = EA295DEE2D36D77D00E3DBBB /* TrackerStore.swift */; };
		EA295E2B2D36D77D00E3DBBB /* TabBarViewController.swift in Sources */ = {isa = PBXBuildFile; fileRef = EA295DF02D36D77D00E3DBBB /* TabBarViewController.swift */; };
		EA295E2C2D36D77D00E3DBBB /* Body.swift in Sources */ = {isa = PBXBuildFile; fileRef = EA295DF22D36D77D00E3DBBB /* Body.swift */; };
		EA295E2D2D36D77D00E3DBBB /* TrackerDataType.swift in Sources */ = {isa = PBXBuildFile; fileRef = EA295DF32D36D77D00E3DBBB /* TrackerDataType.swift */; };
		EA295E2E2D36D77D00E3DBBB /* WeekDay,TrackerType.swift in Sources */ = {isa = PBXBuildFile; fileRef = EA295DF42D36D77D00E3DBBB /* WeekDay,TrackerType.swift */; };
		EA295E2F2D36D77D00E3DBBB /* TrackerCreateViewController.swift in Sources */ = {isa = PBXBuildFile; fileRef = EA295DF62D36D77D00E3DBBB /* TrackerCreateViewController.swift */; };
		EA295E302D36D77D00E3DBBB /* TrackerViewController.swift in Sources */ = {isa = PBXBuildFile; fileRef = EA295DF72D36D77D00E3DBBB /* TrackerViewController.swift */; };
		EA295E312D36D77D00E3DBBB /* ColorTransform.swift in Sources */ = {isa = PBXBuildFile; fileRef = EA295DF92D36D77D00E3DBBB /* ColorTransform.swift */; };
		EA295E322D36D77D00E3DBBB /* WeekDayTransform.swift in Sources */ = {isa = PBXBuildFile; fileRef = EA295DFA2D36D77D00E3DBBB /* WeekDayTransform.swift */; };
		EA295E332D36D77D00E3DBBB /* UserDefault.swift in Sources */ = {isa = PBXBuildFile; fileRef = EA295DFC2D36D77D00E3DBBB /* UserDefault.swift */; };
		EA295E342D36D77D00E3DBBB /* AppDelegate.swift in Sources */ = {isa = PBXBuildFile; fileRef = EA295DFE2D36D77D00E3DBBB /* AppDelegate.swift */; };
		EA295E352D36D77D00E3DBBB /* SceneDelegate.swift in Sources */ = {isa = PBXBuildFile; fileRef = EA295E032D36D77D00E3DBBB /* SceneDelegate.swift */; };
		EA295E362D36D77D00E3DBBB /* ScheduleTableCell.swift in Sources */ = {isa = PBXBuildFile; fileRef = EA295E042D36D77D00E3DBBB /* ScheduleTableCell.swift */; };
		EA295E372D36D77D00E3DBBB /* ThemeManager.swift in Sources */ = {isa = PBXBuildFile; fileRef = EA295E052D36D77D00E3DBBB /* ThemeManager.swift */; };
		EA295E382D36D77D00E3DBBB /* UIView + Extentions.swift in Sources */ = {isa = PBXBuildFile; fileRef = EA295E062D36D77D00E3DBBB /* UIView + Extentions.swift */; };
		FF7DFC468B025625A9EA0BE5 /* Pods_TrackerTests.framework in Frameworks */ = {isa = PBXBuildFile; fileRef = 490ACF5105A4D4E4ED21B626 /* Pods_TrackerTests.framework */; };
/* End PBXBuildFile section */

/* Begin PBXContainerItemProxy section */
		EA1368D02CCC359E00DF4598 /* PBXContainerItemProxy */ = {
			isa = PBXContainerItemProxy;
			containerPortal = EA1368A72CCC359D00DF4598 /* Project object */;
			proxyType = 1;
			remoteGlobalIDString = EA1368AE2CCC359D00DF4598;
			remoteInfo = Tracker;
		};
		EA98ACD82D17785B0054FF05 /* PBXContainerItemProxy */ = {
			isa = PBXContainerItemProxy;
			containerPortal = EA1368A72CCC359D00DF4598 /* Project object */;
			proxyType = 1;
			remoteGlobalIDString = EA1368AE2CCC359D00DF4598;
			remoteInfo = Tracker;
		};
/* End PBXContainerItemProxy section */

/* Begin PBXCopyFilesBuildPhase section */
		EA87F2702D2A9B5100273C56 /* Embed Frameworks */ = {
			isa = PBXCopyFilesBuildPhase;
			buildActionMask = 2147483647;
			dstPath = "";
			dstSubfolderSpec = 10;
			files = (
			);
			name = "Embed Frameworks";
			runOnlyForDeploymentPostprocessing = 0;
		};
/* End PBXCopyFilesBuildPhase section */

/* Begin PBXFileReference section */
		490ACF5105A4D4E4ED21B626 /* Pods_TrackerTests.framework */ = {isa = PBXFileReference; explicitFileType = wrapper.framework; includeInIndex = 0; path = Pods_TrackerTests.framework; sourceTree = BUILT_PRODUCTS_DIR; };
		ADA1A92B22B9F722190440D1 /* Pods_Tracker.framework */ = {isa = PBXFileReference; explicitFileType = wrapper.framework; includeInIndex = 0; path = Pods_Tracker.framework; sourceTree = BUILT_PRODUCTS_DIR; };
		EA1368AF2CCC359D00DF4598 /* Tracker.app */ = {isa = PBXFileReference; explicitFileType = wrapper.application; includeInIndex = 0; path = Tracker.app; sourceTree = BUILT_PRODUCTS_DIR; };
		EA1368CF2CCC359E00DF4598 /* TrackerUITests.xctest */ = {isa = PBXFileReference; explicitFileType = wrapper.cfbundle; includeInIndex = 0; path = TrackerUITests.xctest; sourceTree = BUILT_PRODUCTS_DIR; };
		EA295DB22D36D77D00E3DBBB /* TrackerUITests.swift */ = {isa = PBXFileReference; lastKnownFileType = sourcecode.swift; path = TrackerUITests.swift; sourceTree = "<group>"; };
		EA295DB32D36D77D00E3DBBB /* TrackerUITestsLaunchTests.swift */ = {isa = PBXFileReference; lastKnownFileType = sourcecode.swift; path = TrackerUITestsLaunchTests.swift; sourceTree = "<group>"; };
		EA295DB72D36D77D00E3DBBB /* testTrackersViewControllerAppearance_LightAndDark.Light.png */ = {isa = PBXFileReference; lastKnownFileType = image.png; path = testTrackersViewControllerAppearance_LightAndDark.Light.png; sourceTree = "<group>"; };
		EA295DB82D36D77D00E3DBBB /* testTrackersViewControllerAppearance_LightAndDark.Light_Modified.png */ = {isa = PBXFileReference; lastKnownFileType = image.png; path = testTrackersViewControllerAppearance_LightAndDark.Light_Modified.png; sourceTree = "<group>"; };
		EA295DBB2D36D77D00E3DBBB /* TrackerTests.swift */ = {isa = PBXFileReference; lastKnownFileType = sourcecode.swift; path = TrackerTests.swift; sourceTree = "<group>"; };
		EA295DC02D36D77D00E3DBBB /* CategoryCreateViewController.swift */ = {isa = PBXFileReference; lastKnownFileType = sourcecode.swift; path = CategoryCreateViewController.swift; sourceTree = "<group>"; };
		EA295DC12D36D77D00E3DBBB /* CategoryTableCell.swift */ = {isa = PBXFileReference; lastKnownFileType = sourcecode.swift; path = CategoryTableCell.swift; sourceTree = "<group>"; };
		EA295DC22D36D77D00E3DBBB /* CategoryViewController.swift */ = {isa = PBXFileReference; lastKnownFileType = sourcecode.swift; path = CategoryViewController.swift; sourceTree = "<group>"; };
		EA295DC32D36D77D00E3DBBB /* CategoryViewModel.swift */ = {isa = PBXFileReference; lastKnownFileType = sourcecode.swift; path = CategoryViewModel.swift; sourceTree = "<group>"; };
		EA295DC52D36D77D00E3DBBB /* CellColorCollections.swift */ = {isa = PBXFileReference; lastKnownFileType = sourcecode.swift; path = CellColorCollections.swift; sourceTree = "<group>"; };
		EA295DC62D36D77D00E3DBBB /* CellEmojiCollections.swift */ = {isa = PBXFileReference; lastKnownFileType = sourcecode.swift; path = CellEmojiCollections.swift; sourceTree = "<group>"; };
		EA295DC72D36D77D00E3DBBB /* TableHabitCellController.swift */ = {isa = PBXFileReference; lastKnownFileType = sourcecode.swift; path = TableHabitCellController.swift; sourceTree = "<group>"; };
		EA295DC82D36D77D00E3DBBB /* TableViewCell.swift */ = {isa = PBXFileReference; lastKnownFileType = sourcecode.swift; path = TableViewCell.swift; sourceTree = "<group>"; };
		EA295DC92D36D77D00E3DBBB /* TrackerCell.swift */ = {isa = PBXFileReference; lastKnownFileType = sourcecode.swift; path = TrackerCell.swift; sourceTree = "<group>"; };
		EA295DCD2D36D77D00E3DBBB /* NewEventCreateViewController.swift */ = {isa = PBXFileReference; lastKnownFileType = sourcecode.swift; path = NewEventCreateViewController.swift; sourceTree = "<group>"; };
		EA295DCF2D36D77D00E3DBBB /* CellFilterTable.swift */ = {isa = PBXFileReference; lastKnownFileType = sourcecode.swift; path = CellFilterTable.swift; sourceTree = "<group>"; };
		EA295DD02D36D77D00E3DBBB /* FilterType.swift */ = {isa = PBXFileReference; lastKnownFileType = sourcecode.swift; path = FilterType.swift; sourceTree = "<group>"; };
		EA295DD12D36D77D00E3DBBB /* FilterViewController.swift */ = {isa = PBXFileReference; lastKnownFileType = sourcecode.swift; path = FilterViewController.swift; sourceTree = "<group>"; };
		EA295DD32D36D77D00E3DBBB /* NewHabitCreateViewController.swift */ = {isa = PBXFileReference; lastKnownFileType = sourcecode.swift; path = NewHabitCreateViewController.swift; sourceTree = "<group>"; };
		EA295DD52D36D77D00E3DBBB /* Header.swift */ = {isa = PBXFileReference; lastKnownFileType = sourcecode.swift; path = Header.swift; sourceTree = "<group>"; };
		EA295DD62D36D77D00E3DBBB /* HeaderColor.swift */ = {isa = PBXFileReference; lastKnownFileType = sourcecode.swift; path = HeaderColor.swift; sourceTree = "<group>"; };
		EA295DD72D36D77D00E3DBBB /* HeaderEmoji.swift */ = {isa = PBXFileReference; lastKnownFileType = sourcecode.swift; path = HeaderEmoji.swift; sourceTree = "<group>"; };
		EA295DD92D36D77D00E3DBBB /* en */ = {isa = PBXFileReference; lastKnownFileType = text.plist.strings; name = en; path = en.lproj/Localizable.strings; sourceTree = "<group>"; };
		EA295DDA2D36D77D00E3DBBB /* ru */ = {isa = PBXFileReference; lastKnownFileType = text.plist.strings; name = ru; path = ru.lproj/Localizable.strings; sourceTree = "<group>"; };
		EA295DDC2D36D77D00E3DBBB /* en */ = {isa = PBXFileReference; lastKnownFileType = text.plist.stringsdict; name = en; path = en.lproj/Localizable.stringsdict; sourceTree = "<group>"; };
		EA295DDD2D36D77D00E3DBBB /* ru */ = {isa = PBXFileReference; lastKnownFileType = text.plist.stringsdict; name = ru; path = ru.lproj/Localizable.stringsdict; sourceTree = "<group>"; };
		EA295DE12D36D77D00E3DBBB /* OnboardingCustomController.swift */ = {isa = PBXFileReference; lastKnownFileType = sourcecode.swift; path = OnboardingCustomController.swift; sourceTree = "<group>"; };
		EA295DE22D36D77D00E3DBBB /* OnboardingViewController.swift */ = {isa = PBXFileReference; lastKnownFileType = sourcecode.swift; path = OnboardingViewController.swift; sourceTree = "<group>"; };
		EA295DE32D36D77D00E3DBBB /* PageModel.swift */ = {isa = PBXFileReference; lastKnownFileType = sourcecode.swift; path = PageModel.swift; sourceTree = "<group>"; };
		EA295DE52D36D77D00E3DBBB /* ScheduleViewController.swift */ = {isa = PBXFileReference; lastKnownFileType = sourcecode.swift; path = ScheduleViewController.swift; sourceTree = "<group>"; };
		EA295DE72D36D77D00E3DBBB /* CellStatisticsTableView.swift */ = {isa = PBXFileReference; lastKnownFileType = sourcecode.swift; path = CellStatisticsTableView.swift; sourceTree = "<group>"; };
		EA295DE82D36D77D00E3DBBB /* gradient.swift */ = {isa = PBXFileReference; lastKnownFileType = sourcecode.swift; path = gradient.swift; sourceTree = "<group>"; };
		EA295DE92D36D77D00E3DBBB /* Statistic.swift */ = {isa = PBXFileReference; lastKnownFileType = sourcecode.swift; path = Statistic.swift; sourceTree = "<group>"; };
		EA295DEA2D36D77D00E3DBBB /* StatisticViewController.swift */ = {isa = PBXFileReference; lastKnownFileType = sourcecode.swift; path = StatisticViewController.swift; sourceTree = "<group>"; };
		EA295DEC2D36D77D00E3DBBB /* TrackerCategoryStore.swift */ = {isa = PBXFileReference; lastKnownFileType = sourcecode.swift; path = TrackerCategoryStore.swift; sourceTree = "<group>"; };
		EA295DED2D36D77D00E3DBBB /* TrackerRecordStore.swift */ = {isa = PBXFileReference; lastKnownFileType = sourcecode.swift; path = TrackerRecordStore.swift; sourceTree = "<group>"; };
		EA295DEE2D36D77D00E3DBBB /* TrackerStore.swift */ = {isa = PBXFileReference; lastKnownFileType = sourcecode.swift; path = TrackerStore.swift; sourceTree = "<group>"; };
		EA295DF02D36D77D00E3DBBB /* TabBarViewController.swift */ = {isa = PBXFileReference; lastKnownFileType = sourcecode.swift; path = TabBarViewController.swift; sourceTree = "<group>"; };
		EA295DF22D36D77D00E3DBBB /* Body.swift */ = {isa = PBXFileReference; lastKnownFileType = sourcecode.swift; path = Body.swift; sourceTree = "<group>"; };
		EA295DF32D36D77D00E3DBBB /* TrackerDataType.swift */ = {isa = PBXFileReference; lastKnownFileType = sourcecode.swift; path = TrackerDataType.swift; sourceTree = "<group>"; };
		EA295DF42D36D77D00E3DBBB /* WeekDay,TrackerType.swift */ = {isa = PBXFileReference; lastKnownFileType = sourcecode.swift; path = "WeekDay,TrackerType.swift"; sourceTree = "<group>"; };
		EA295DF62D36D77D00E3DBBB /* TrackerCreateViewController.swift */ = {isa = PBXFileReference; lastKnownFileType = sourcecode.swift; path = TrackerCreateViewController.swift; sourceTree = "<group>"; };
		EA295DF72D36D77D00E3DBBB /* TrackerViewController.swift */ = {isa = PBXFileReference; lastKnownFileType = sourcecode.swift; path = TrackerViewController.swift; sourceTree = "<group>"; };
		EA295DF92D36D77D00E3DBBB /* ColorTransform.swift */ = {isa = PBXFileReference; lastKnownFileType = sourcecode.swift; path = ColorTransform.swift; sourceTree = "<group>"; };
		EA295DFA2D36D77D00E3DBBB /* WeekDayTransform.swift */ = {isa = PBXFileReference; lastKnownFileType = sourcecode.swift; path = WeekDayTransform.swift; sourceTree = "<group>"; };
		EA295DFC2D36D77D00E3DBBB /* UserDefault.swift */ = {isa = PBXFileReference; lastKnownFileType = sourcecode.swift; path = UserDefault.swift; sourceTree = "<group>"; };
		EA295DFE2D36D77D00E3DBBB /* AppDelegate.swift */ = {isa = PBXFileReference; lastKnownFileType = sourcecode.swift; path = AppDelegate.swift; sourceTree = "<group>"; };
		EA295DFF2D36D77D00E3DBBB /* Assets.xcassets */ = {isa = PBXFileReference; lastKnownFileType = folder.assetcatalog; path = Assets.xcassets; sourceTree = "<group>"; };
		EA295E002D36D77D00E3DBBB /* Info.plist */ = {isa = PBXFileReference; lastKnownFileType = text.plist.xml; path = Info.plist; sourceTree = "<group>"; };
		EA295E012D36D77D00E3DBBB /* Base */ = {isa = PBXFileReference; lastKnownFileType = file.storyboard; name = Base; path = Base.lproj/LaunchScreen.storyboard; sourceTree = "<group>"; };
		EA295E032D36D77D00E3DBBB /* SceneDelegate.swift */ = {isa = PBXFileReference; lastKnownFileType = sourcecode.swift; path = SceneDelegate.swift; sourceTree = "<group>"; };
		EA295E042D36D77D00E3DBBB /* ScheduleTableCell.swift */ = {isa = PBXFileReference; lastKnownFileType = sourcecode.swift; path = ScheduleTableCell.swift; sourceTree = "<group>"; };
		EA295E052D36D77D00E3DBBB /* ThemeManager.swift */ = {isa = PBXFileReference; lastKnownFileType = sourcecode.swift; path = ThemeManager.swift; sourceTree = "<group>"; };
		EA295E062D36D77D00E3DBBB /* UIView + Extentions.swift */ = {isa = PBXFileReference; lastKnownFileType = sourcecode.swift; path = "UIView + Extentions.swift"; sourceTree = "<group>"; };
		EA295E082D36D77D00E3DBBB /* Tracker.xcdatamodel */ = {isa = PBXFileReference; lastKnownFileType = wrapper.xcdatamodel; path = Tracker.xcdatamodel; sourceTree = "<group>"; };
		EA98ACD42D17785B0054FF05 /* TrackerTests.xctest */ = {isa = PBXFileReference; explicitFileType = wrapper.cfbundle; includeInIndex = 0; path = TrackerTests.xctest; sourceTree = BUILT_PRODUCTS_DIR; };
		F4B173592883E4911DA15C5F /* Pods_Tracker_TrackerUITests.framework */ = {isa = PBXFileReference; explicitFileType = wrapper.framework; includeInIndex = 0; path = Pods_Tracker_TrackerUITests.framework; sourceTree = BUILT_PRODUCTS_DIR; };
/* End PBXFileReference section */

/* Begin PBXFrameworksBuildPhase section */
		EA1368AC2CCC359D00DF4598 /* Frameworks */ = {
			isa = PBXFrameworksBuildPhase;
			buildActionMask = 2147483647;
			files = (
				1C127D758246D0692829CD91 /* Pods_Tracker.framework in Frameworks */,
			);
			runOnlyForDeploymentPostprocessing = 0;
		};
		EA1368CC2CCC359E00DF4598 /* Frameworks */ = {
			isa = PBXFrameworksBuildPhase;
			buildActionMask = 2147483647;
			files = (
				5B7337937CA0DA3760270A0F /* Pods_Tracker_TrackerUITests.framework in Frameworks */,
			);
			runOnlyForDeploymentPostprocessing = 0;
		};
		EA98ACD12D17785B0054FF05 /* Frameworks */ = {
			isa = PBXFrameworksBuildPhase;
			buildActionMask = 2147483647;
			files = (
				EA0C83562D177F1300E28FFE /* InlineSnapshotTesting in Frameworks */,
				EA0C83582D177F1300E28FFE /* SnapshotTesting in Frameworks */,
				FF7DFC468B025625A9EA0BE5 /* Pods_TrackerTests.framework in Frameworks */,
			);
			runOnlyForDeploymentPostprocessing = 0;
		};
/* End PBXFrameworksBuildPhase section */

/* Begin PBXGroup section */
		D41C6955BC38CC087299B80B /* Frameworks */ = {
			isa = PBXGroup;
			children = (
				ADA1A92B22B9F722190440D1 /* Pods_Tracker.framework */,
				F4B173592883E4911DA15C5F /* Pods_Tracker_TrackerUITests.framework */,
				490ACF5105A4D4E4ED21B626 /* Pods_TrackerTests.framework */,
			);
			name = Frameworks;
			sourceTree = "<group>";
		};
		EA1368A62CCC359D00DF4598 = {
			isa = PBXGroup;
			children = (
				EA295E072D36D77D00E3DBBB /* Tracker */,
				EA295DB42D36D77D00E3DBBB /* TrackerUITests */,
				EA295DBC2D36D77D00E3DBBB /* TrackerTests */,
				EA1368B02CCC359D00DF4598 /* Products */,
				D41C6955BC38CC087299B80B /* Frameworks */,
			);
			sourceTree = "<group>";
		};
		EA1368B02CCC359D00DF4598 /* Products */ = {
			isa = PBXGroup;
			children = (
				EA1368AF2CCC359D00DF4598 /* Tracker.app */,
				EA1368CF2CCC359E00DF4598 /* TrackerUITests.xctest */,
				EA98ACD42D17785B0054FF05 /* TrackerTests.xctest */,
			);
			name = Products;
			sourceTree = "<group>";
		};
		EA295DB42D36D77D00E3DBBB /* TrackerUITests */ = {
			isa = PBXGroup;
			children = (
				EA295DB22D36D77D00E3DBBB /* TrackerUITests.swift */,
				EA295DB32D36D77D00E3DBBB /* TrackerUITestsLaunchTests.swift */,
			);
			path = TrackerUITests;
			sourceTree = "<group>";
		};
		EA295DB92D36D77D00E3DBBB /* TrackerTests */ = {
			isa = PBXGroup;
			children = (
				EA295DB72D36D77D00E3DBBB /* testTrackersViewControllerAppearance_LightAndDark.Light.png */,
				EA295DB82D36D77D00E3DBBB /* testTrackersViewControllerAppearance_LightAndDark.Light_Modified.png */,
			);
			path = TrackerTests;
			sourceTree = "<group>";
		};
		EA295DBA2D36D77D00E3DBBB /* __Snapshots__ */ = {
			isa = PBXGroup;
			children = (
				EA295DB92D36D77D00E3DBBB /* TrackerTests */,
			);
			path = __Snapshots__;
			sourceTree = "<group>";
		};
		EA295DBC2D36D77D00E3DBBB /* TrackerTests */ = {
			isa = PBXGroup;
			children = (
				EA295DBA2D36D77D00E3DBBB /* __Snapshots__ */,
				EA295DBB2D36D77D00E3DBBB /* TrackerTests.swift */,
			);
			path = TrackerTests;
			sourceTree = "<group>";
		};
		EA295DC42D36D77D00E3DBBB /* Category */ = {
			isa = PBXGroup;
			children = (
				EA295DC02D36D77D00E3DBBB /* CategoryCreateViewController.swift */,
				EA295DC12D36D77D00E3DBBB /* CategoryTableCell.swift */,
				EA295DC22D36D77D00E3DBBB /* CategoryViewController.swift */,
				EA295DC32D36D77D00E3DBBB /* CategoryViewModel.swift */,
			);
			path = Category;
			sourceTree = "<group>";
		};
		EA295DCA2D36D77D00E3DBBB /* Cell */ = {
			isa = PBXGroup;
			children = (
				EA295DC52D36D77D00E3DBBB /* CellColorCollections.swift */,
				EA295DC62D36D77D00E3DBBB /* CellEmojiCollections.swift */,
				EA295DC72D36D77D00E3DBBB /* TableHabitCellController.swift */,
				EA295DC82D36D77D00E3DBBB /* TableViewCell.swift */,
				EA295DC92D36D77D00E3DBBB /* TrackerCell.swift */,
			);
			path = Cell;
			sourceTree = "<group>";
		};
		EA295DCC2D36D77D00E3DBBB /* CoreData */ = {
			isa = PBXGroup;
			children = (
				EA295DCB2D36D77D00E3DBBB /* Tracker.xcdatamodeld */,
			);
			path = CoreData;
			sourceTree = "<group>";
		};
		EA295DCE2D36D77D00E3DBBB /* EventViewController */ = {
			isa = PBXGroup;
			children = (
				EA295DCD2D36D77D00E3DBBB /* NewEventCreateViewController.swift */,
			);
			path = EventViewController;
			sourceTree = "<group>";
		};
		EA295DD22D36D77D00E3DBBB /* FilterViewController */ = {
			isa = PBXGroup;
			children = (
				EA295DCF2D36D77D00E3DBBB /* CellFilterTable.swift */,
				EA295DD02D36D77D00E3DBBB /* FilterType.swift */,
				EA295DD12D36D77D00E3DBBB /* FilterViewController.swift */,
			);
			path = FilterViewController;
			sourceTree = "<group>";
		};
		EA295DD42D36D77D00E3DBBB /* HabbitViewController */ = {
			isa = PBXGroup;
			children = (
				EA295DD32D36D77D00E3DBBB /* NewHabitCreateViewController.swift */,
			);
			path = HabbitViewController;
			sourceTree = "<group>";
		};
		EA295DD82D36D77D00E3DBBB /* Header */ = {
			isa = PBXGroup;
			children = (
				EA295DD52D36D77D00E3DBBB /* Header.swift */,
				EA295DD62D36D77D00E3DBBB /* HeaderColor.swift */,
				EA295DD72D36D77D00E3DBBB /* HeaderEmoji.swift */,
			);
			path = Header;
			sourceTree = "<group>";
		};
		EA295DDF2D36D77D00E3DBBB /* local */ = {
			isa = PBXGroup;
			children = (
				EA295DDB2D36D77D00E3DBBB /* Localizable.strings */,
				EA295DDE2D36D77D00E3DBBB /* Localizable.stringsdict */,
			);
			path = local;
			sourceTree = "<group>";
		};
		EA295DE02D36D77D00E3DBBB /* localRu */ = {
			isa = PBXGroup;
			children = (
			);
			path = localRu;
			sourceTree = "<group>";
		};
		EA295DE42D36D77D00E3DBBB /* OnbordingViewController */ = {
			isa = PBXGroup;
			children = (
				EA295DE12D36D77D00E3DBBB /* OnboardingCustomController.swift */,
				EA295DE22D36D77D00E3DBBB /* OnboardingViewController.swift */,
				EA295DE32D36D77D00E3DBBB /* PageModel.swift */,
			);
			path = OnbordingViewController;
			sourceTree = "<group>";
		};
		EA295DE62D36D77D00E3DBBB /* ScheduleViewController */ = {
			isa = PBXGroup;
			children = (
				EA295DE52D36D77D00E3DBBB /* ScheduleViewController.swift */,
			);
			path = ScheduleViewController;
			sourceTree = "<group>";
		};
		EA295DEB2D36D77D00E3DBBB /* Statistic */ = {
			isa = PBXGroup;
			children = (
				EA295DE72D36D77D00E3DBBB /* CellStatisticsTableView.swift */,
				EA295DE82D36D77D00E3DBBB /* gradient.swift */,
				EA295DE92D36D77D00E3DBBB /* Statistic.swift */,
				EA295DEA2D36D77D00E3DBBB /* StatisticViewController.swift */,
			);
			path = Statistic;
			sourceTree = "<group>";
		};
		EA295DEF2D36D77D00E3DBBB /* Store */ = {
			isa = PBXGroup;
			children = (
				EA295DEC2D36D77D00E3DBBB /* TrackerCategoryStore.swift */,
				EA295DED2D36D77D00E3DBBB /* TrackerRecordStore.swift */,
				EA295DEE2D36D77D00E3DBBB /* TrackerStore.swift */,
			);
			path = Store;
			sourceTree = "<group>";
		};
		EA295DF12D36D77D00E3DBBB /* TabBarViewController */ = {
			isa = PBXGroup;
			children = (
				EA295DF02D36D77D00E3DBBB /* TabBarViewController.swift */,
			);
			path = TabBarViewController;
			sourceTree = "<group>";
		};
		EA295DF52D36D77D00E3DBBB /* TrackerBody */ = {
			isa = PBXGroup;
			children = (
				EA295DF22D36D77D00E3DBBB /* Body.swift */,
				EA295DF32D36D77D00E3DBBB /* TrackerDataType.swift */,
				EA295DF42D36D77D00E3DBBB /* WeekDay,TrackerType.swift */,
			);
			path = TrackerBody;
			sourceTree = "<group>";
		};
		EA295DF82D36D77D00E3DBBB /* TrackersViewController */ = {
			isa = PBXGroup;
			children = (
				EA295DF62D36D77D00E3DBBB /* TrackerCreateViewController.swift */,
				EA295DF72D36D77D00E3DBBB /* TrackerViewController.swift */,
			);
			path = TrackersViewController;
			sourceTree = "<group>";
		};
		EA295DFB2D36D77D00E3DBBB /* Transform */ = {
			isa = PBXGroup;
			children = (
				EA295DF92D36D77D00E3DBBB /* ColorTransform.swift */,
				EA295DFA2D36D77D00E3DBBB /* WeekDayTransform.swift */,
			);
			path = Transform;
			sourceTree = "<group>";
		};
		EA295DFD2D36D77D00E3DBBB /* UserDefault */ = {
			isa = PBXGroup;
			children = (
				EA295DFC2D36D77D00E3DBBB /* UserDefault.swift */,
			);
			path = UserDefault;
			sourceTree = "<group>";
		};
		EA295E072D36D77D00E3DBBB /* Tracker */ = {
			isa = PBXGroup;
			children = (
				EA295DC42D36D77D00E3DBBB /* Category */,
				EA295DCA2D36D77D00E3DBBB /* Cell */,
				EA295DCC2D36D77D00E3DBBB /* CoreData */,
				EA295DCE2D36D77D00E3DBBB /* EventViewController */,
				EA295DD22D36D77D00E3DBBB /* FilterViewController */,
				EA295DD42D36D77D00E3DBBB /* HabbitViewController */,
				EA295DD82D36D77D00E3DBBB /* Header */,
				EA295DDF2D36D77D00E3DBBB /* local */,
				EA295DE02D36D77D00E3DBBB /* localRu */,
				EA295DE42D36D77D00E3DBBB /* OnbordingViewController */,
				EA295DE62D36D77D00E3DBBB /* ScheduleViewController */,
				EA295DEB2D36D77D00E3DBBB /* Statistic */,
				EA295DEF2D36D77D00E3DBBB /* Store */,
				EA295DF12D36D77D00E3DBBB /* TabBarViewController */,
				EA295DF52D36D77D00E3DBBB /* TrackerBody */,
				EA295DF82D36D77D00E3DBBB /* TrackersViewController */,
				EA295DFB2D36D77D00E3DBBB /* Transform */,
				EA295DFD2D36D77D00E3DBBB /* UserDefault */,
				EA295DFE2D36D77D00E3DBBB /* AppDelegate.swift */,
				EA295DFF2D36D77D00E3DBBB /* Assets.xcassets */,
				EA295E002D36D77D00E3DBBB /* Info.plist */,
				EA295E022D36D77D00E3DBBB /* LaunchScreen.storyboard */,
				EA295E032D36D77D00E3DBBB /* SceneDelegate.swift */,
				EA295E042D36D77D00E3DBBB /* ScheduleTableCell.swift */,
				EA295E052D36D77D00E3DBBB /* ThemeManager.swift */,
				EA295E062D36D77D00E3DBBB /* UIView + Extentions.swift */,
			);
			path = Tracker;
			sourceTree = "<group>";
		};
/* End PBXGroup section */

/* Begin PBXNativeTarget section */
		EA1368AE2CCC359D00DF4598 /* Tracker */ = {
			isa = PBXNativeTarget;
			buildConfigurationList = EA1368D82CCC359E00DF4598 /* Build configuration list for PBXNativeTarget "Tracker" */;
			buildPhases = (
				6CDD55EAE62562566790252F /* [CP] Check Pods Manifest.lock */,
				EA1368AB2CCC359D00DF4598 /* Sources */,
				EA1368AC2CCC359D00DF4598 /* Frameworks */,
				EA1368AD2CCC359D00DF4598 /* Resources */,
				EA87F2702D2A9B5100273C56 /* Embed Frameworks */,
				67FC317E76131816F0A1DF94 /* [CP] Embed Pods Frameworks */,
			);
			buildRules = (
			);
			dependencies = (
			);
			name = Tracker;
			productName = Tracker;
			productReference = EA1368AF2CCC359D00DF4598 /* Tracker.app */;
			productType = "com.apple.product-type.application";
		};
		EA1368CE2CCC359E00DF4598 /* TrackerUITests */ = {
			isa = PBXNativeTarget;
			buildConfigurationList = EA1368E02CCC359E00DF4598 /* Build configuration list for PBXNativeTarget "TrackerUITests" */;
			buildPhases = (
				34BEEA97AA8603755496C3FB /* [CP] Check Pods Manifest.lock */,
				EA1368CB2CCC359E00DF4598 /* Sources */,
				EA1368CC2CCC359E00DF4598 /* Frameworks */,
				EA1368CD2CCC359E00DF4598 /* Resources */,
				3BE7F872FE32F1857D4464F3 /* [CP] Embed Pods Frameworks */,
			);
			buildRules = (
			);
			dependencies = (
				EA1368D12CCC359E00DF4598 /* PBXTargetDependency */,
			);
			name = TrackerUITests;
			productName = TrackerUITests;
			productReference = EA1368CF2CCC359E00DF4598 /* TrackerUITests.xctest */;
			productType = "com.apple.product-type.bundle.ui-testing";
		};
		EA98ACD32D17785B0054FF05 /* TrackerTests */ = {
			isa = PBXNativeTarget;
			buildConfigurationList = EA98ACDA2D17785B0054FF05 /* Build configuration list for PBXNativeTarget "TrackerTests" */;
			buildPhases = (
				CFC4248C0DA6D931441EDE07 /* [CP] Check Pods Manifest.lock */,
				EA98ACD02D17785B0054FF05 /* Sources */,
				EA98ACD12D17785B0054FF05 /* Frameworks */,
				EA98ACD22D17785B0054FF05 /* Resources */,
			);
			buildRules = (
			);
			dependencies = (
				EA98ACD92D17785B0054FF05 /* PBXTargetDependency */,
			);
			name = TrackerTests;
			packageProductDependencies = (
				EA0C83552D177F1300E28FFE /* InlineSnapshotTesting */,
				EA0C83572D177F1300E28FFE /* SnapshotTesting */,
			);
			productName = TrackerTests;
			productReference = EA98ACD42D17785B0054FF05 /* TrackerTests.xctest */;
			productType = "com.apple.product-type.bundle.unit-test";
		};
/* End PBXNativeTarget section */

/* Begin PBXProject section */
		EA1368A72CCC359D00DF4598 /* Project object */ = {
			isa = PBXProject;
			attributes = {
				BuildIndependentTargetsInParallel = 1;
				LastSwiftUpdateCheck = 1600;
				LastUpgradeCheck = 1600;
				TargetAttributes = {
					EA1368AE2CCC359D00DF4598 = {
						CreatedOnToolsVersion = 16.0;
					};
					EA1368CE2CCC359E00DF4598 = {
						CreatedOnToolsVersion = 16.0;
						TestTargetID = EA1368AE2CCC359D00DF4598;
					};
					EA98ACD32D17785B0054FF05 = {
						CreatedOnToolsVersion = 16.0;
						TestTargetID = EA1368AE2CCC359D00DF4598;
					};
				};
			};
			buildConfigurationList = EA1368AA2CCC359D00DF4598 /* Build configuration list for PBXProject "Tracker" */;
			developmentRegion = en;
			hasScannedForEncodings = 0;
			knownRegions = (
				en,
				Base,
				"en-GB",
				ru,
			);
			mainGroup = EA1368A62CCC359D00DF4598;
			minimizedProjectReferenceProxies = 1;
			packageReferences = (
				EA0C83542D177F1300E28FFE /* XCRemoteSwiftPackageReference "swift-snapshot-testing" */,
			);
			preferredProjectObjectVersion = 77;
			productRefGroup = EA1368B02CCC359D00DF4598 /* Products */;
			projectDirPath = "";
			projectRoot = "";
			targets = (
				EA1368AE2CCC359D00DF4598 /* Tracker */,
				EA1368CE2CCC359E00DF4598 /* TrackerUITests */,
				EA98ACD32D17785B0054FF05 /* TrackerTests */,
			);
		};
/* End PBXProject section */

/* Begin PBXResourcesBuildPhase section */
		EA1368AD2CCC359D00DF4598 /* Resources */ = {
			isa = PBXResourcesBuildPhase;
			buildActionMask = 2147483647;
			files = (
				EA295E092D36D77D00E3DBBB /* Localizable.strings in Resources */,
				EA295E0A2D36D77D00E3DBBB /* Localizable.stringsdict in Resources */,
				EA295E0B2D36D77D00E3DBBB /* Assets.xcassets in Resources */,
				EA295E0D2D36D77D00E3DBBB /* LaunchScreen.storyboard in Resources */,
			);
			runOnlyForDeploymentPostprocessing = 0;
		};
		EA1368CD2CCC359E00DF4598 /* Resources */ = {
			isa = PBXResourcesBuildPhase;
			buildActionMask = 2147483647;
			files = (
			);
			runOnlyForDeploymentPostprocessing = 0;
		};
		EA98ACD22D17785B0054FF05 /* Resources */ = {
			isa = PBXResourcesBuildPhase;
			buildActionMask = 2147483647;
			files = (
				EA295DBE2D36D77D00E3DBBB /* testTrackersViewControllerAppearance_LightAndDark.Light.png in Resources */,
				EA295DBF2D36D77D00E3DBBB /* testTrackersViewControllerAppearance_LightAndDark.Light_Modified.png in Resources */,
			);
			runOnlyForDeploymentPostprocessing = 0;
		};
/* End PBXResourcesBuildPhase section */

/* Begin PBXShellScriptBuildPhase section */
		34BEEA97AA8603755496C3FB /* [CP] Check Pods Manifest.lock */ = {
			isa = PBXShellScriptBuildPhase;
			buildActionMask = 2147483647;
			files = (
			);
			inputFileListPaths = (
			);
			inputPaths = (
				"${PODS_PODFILE_DIR_PATH}/Podfile.lock",
				"${PODS_ROOT}/Manifest.lock",
			);
			name = "[CP] Check Pods Manifest.lock";
			outputFileListPaths = (
			);
			outputPaths = (
				"$(DERIVED_FILE_DIR)/Pods-Tracker-TrackerUITests-checkManifestLockResult.txt",
			);
			runOnlyForDeploymentPostprocessing = 0;
			shellPath = /bin/sh;
			shellScript = "diff \"${PODS_PODFILE_DIR_PATH}/Podfile.lock\" \"${PODS_ROOT}/Manifest.lock\" > /dev/null\nif [ $? != 0 ] ; then\n    # print error to STDERR\n    echo \"error: The sandbox is not in sync with the Podfile.lock. Run 'pod install' or update your CocoaPods installation.\" >&2\n    exit 1\nfi\n# This output is used by Xcode 'outputs' to avoid re-running this script phase.\necho \"SUCCESS\" > \"${SCRIPT_OUTPUT_FILE_0}\"\n";
			showEnvVarsInLog = 0;
		};
		3BE7F872FE32F1857D4464F3 /* [CP] Embed Pods Frameworks */ = {
			isa = PBXShellScriptBuildPhase;
			buildActionMask = 2147483647;
			files = (
			);
			inputFileListPaths = (
				"${PODS_ROOT}/Target Support Files/Pods-Tracker-TrackerUITests/Pods-Tracker-TrackerUITests-frameworks-${CONFIGURATION}-input-files.xcfilelist",
			);
			name = "[CP] Embed Pods Frameworks";
			outputFileListPaths = (
				"${PODS_ROOT}/Target Support Files/Pods-Tracker-TrackerUITests/Pods-Tracker-TrackerUITests-frameworks-${CONFIGURATION}-output-files.xcfilelist",
			);
			runOnlyForDeploymentPostprocessing = 0;
			shellPath = /bin/sh;
			shellScript = "\"${PODS_ROOT}/Target Support Files/Pods-Tracker-TrackerUITests/Pods-Tracker-TrackerUITests-frameworks.sh\"\n";
			showEnvVarsInLog = 0;
		};
		67FC317E76131816F0A1DF94 /* [CP] Embed Pods Frameworks */ = {
			isa = PBXShellScriptBuildPhase;
			buildActionMask = 2147483647;
			files = (
			);
			inputFileListPaths = (
				"${PODS_ROOT}/Target Support Files/Pods-Tracker/Pods-Tracker-frameworks-${CONFIGURATION}-input-files.xcfilelist",
			);
			name = "[CP] Embed Pods Frameworks";
			outputFileListPaths = (
				"${PODS_ROOT}/Target Support Files/Pods-Tracker/Pods-Tracker-frameworks-${CONFIGURATION}-output-files.xcfilelist",
			);
			runOnlyForDeploymentPostprocessing = 0;
			shellPath = /bin/sh;
			shellScript = "\"${PODS_ROOT}/Target Support Files/Pods-Tracker/Pods-Tracker-frameworks.sh\"\n";
			showEnvVarsInLog = 0;
		};
		6CDD55EAE62562566790252F /* [CP] Check Pods Manifest.lock */ = {
			isa = PBXShellScriptBuildPhase;
			buildActionMask = 2147483647;
			files = (
			);
			inputFileListPaths = (
			);
			inputPaths = (
				"${PODS_PODFILE_DIR_PATH}/Podfile.lock",
				"${PODS_ROOT}/Manifest.lock",
			);
			name = "[CP] Check Pods Manifest.lock";
			outputFileListPaths = (
			);
			outputPaths = (
				"$(DERIVED_FILE_DIR)/Pods-Tracker-checkManifestLockResult.txt",
			);
			runOnlyForDeploymentPostprocessing = 0;
			shellPath = /bin/sh;
			shellScript = "diff \"${PODS_PODFILE_DIR_PATH}/Podfile.lock\" \"${PODS_ROOT}/Manifest.lock\" > /dev/null\nif [ $? != 0 ] ; then\n    # print error to STDERR\n    echo \"error: The sandbox is not in sync with the Podfile.lock. Run 'pod install' or update your CocoaPods installation.\" >&2\n    exit 1\nfi\n# This output is used by Xcode 'outputs' to avoid re-running this script phase.\necho \"SUCCESS\" > \"${SCRIPT_OUTPUT_FILE_0}\"\n";
			showEnvVarsInLog = 0;
		};
		CFC4248C0DA6D931441EDE07 /* [CP] Check Pods Manifest.lock */ = {
			isa = PBXShellScriptBuildPhase;
			buildActionMask = 2147483647;
			files = (
			);
			inputFileListPaths = (
			);
			inputPaths = (
				"${PODS_PODFILE_DIR_PATH}/Podfile.lock",
				"${PODS_ROOT}/Manifest.lock",
			);
			name = "[CP] Check Pods Manifest.lock";
			outputFileListPaths = (
			);
			outputPaths = (
				"$(DERIVED_FILE_DIR)/Pods-TrackerTests-checkManifestLockResult.txt",
			);
			runOnlyForDeploymentPostprocessing = 0;
			shellPath = /bin/sh;
			shellScript = "diff \"${PODS_PODFILE_DIR_PATH}/Podfile.lock\" \"${PODS_ROOT}/Manifest.lock\" > /dev/null\nif [ $? != 0 ] ; then\n    # print error to STDERR\n    echo \"error: The sandbox is not in sync with the Podfile.lock. Run 'pod install' or update your CocoaPods installation.\" >&2\n    exit 1\nfi\n# This output is used by Xcode 'outputs' to avoid re-running this script phase.\necho \"SUCCESS\" > \"${SCRIPT_OUTPUT_FILE_0}\"\n";
			showEnvVarsInLog = 0;
		};
/* End PBXShellScriptBuildPhase section */

/* Begin PBXSourcesBuildPhase section */
		EA1368AB2CCC359D00DF4598 /* Sources */ = {
			isa = PBXSourcesBuildPhase;
			buildActionMask = 2147483647;
			files = (
				EA295E0E2D36D77D00E3DBBB /* CategoryCreateViewController.swift in Sources */,
				EA295E0F2D36D77D00E3DBBB /* CategoryTableCell.swift in Sources */,
				EA295E102D36D77D00E3DBBB /* CategoryViewController.swift in Sources */,
				EA295E112D36D77D00E3DBBB /* CategoryViewModel.swift in Sources */,
				EA295E122D36D77D00E3DBBB /* CellColorCollections.swift in Sources */,
				EA295E132D36D77D00E3DBBB /* CellEmojiCollections.swift in Sources */,
				EA295E142D36D77D00E3DBBB /* TableHabitCellController.swift in Sources */,
				EA295E152D36D77D00E3DBBB /* TableViewCell.swift in Sources */,
				EA295E162D36D77D00E3DBBB /* TrackerCell.swift in Sources */,
				EA295E172D36D77D00E3DBBB /* Tracker.xcdatamodeld in Sources */,
				EA295E182D36D77D00E3DBBB /* NewEventCreateViewController.swift in Sources */,
				EA295E192D36D77D00E3DBBB /* CellFilterTable.swift in Sources */,
				EA295E1A2D36D77D00E3DBBB /* FilterType.swift in Sources */,
				EA295E1B2D36D77D00E3DBBB /* FilterViewController.swift in Sources */,
				EA295E1C2D36D77D00E3DBBB /* NewHabitCreateViewController.swift in Sources */,
				EA295E1D2D36D77D00E3DBBB /* Header.swift in Sources */,
				EA295E1E2D36D77D00E3DBBB /* HeaderColor.swift in Sources */,
				EA295E1F2D36D77D00E3DBBB /* HeaderEmoji.swift in Sources */,
				EA295E202D36D77D00E3DBBB /* OnboardingCustomController.swift in Sources */,
				EA295E212D36D77D00E3DBBB /* OnboardingViewController.swift in Sources */,
				EA295E222D36D77D00E3DBBB /* PageModel.swift in Sources */,
				EA295E232D36D77D00E3DBBB /* ScheduleViewController.swift in Sources */,
				EA295E242D36D77D00E3DBBB /* CellStatisticsTableView.swift in Sources */,
				EA295E252D36D77D00E3DBBB /* gradient.swift in Sources */,
				EA295E262D36D77D00E3DBBB /* Statistic.swift in Sources */,
				EA295E272D36D77D00E3DBBB /* StatisticViewController.swift in Sources */,
				EA295E282D36D77D00E3DBBB /* TrackerCategoryStore.swift in Sources */,
				EA295E292D36D77D00E3DBBB /* TrackerRecordStore.swift in Sources */,
				EA295E2A2D36D77D00E3DBBB /* TrackerStore.swift in Sources */,
				EA295E2B2D36D77D00E3DBBB /* TabBarViewController.swift in Sources */,
				EA295E2C2D36D77D00E3DBBB /* Body.swift in Sources */,
				EA295E2D2D36D77D00E3DBBB /* TrackerDataType.swift in Sources */,
				EA295E2E2D36D77D00E3DBBB /* WeekDay,TrackerType.swift in Sources */,
				EA295E2F2D36D77D00E3DBBB /* TrackerCreateViewController.swift in Sources */,
				EA295E302D36D77D00E3DBBB /* TrackerViewController.swift in Sources */,
				EA295E312D36D77D00E3DBBB /* ColorTransform.swift in Sources */,
				EA295E322D36D77D00E3DBBB /* WeekDayTransform.swift in Sources */,
				EA295E332D36D77D00E3DBBB /* UserDefault.swift in Sources */,
				EA295E342D36D77D00E3DBBB /* AppDelegate.swift in Sources */,
				EA295E352D36D77D00E3DBBB /* SceneDelegate.swift in Sources */,
				EA295E362D36D77D00E3DBBB /* ScheduleTableCell.swift in Sources */,
				EA295E372D36D77D00E3DBBB /* ThemeManager.swift in Sources */,
				EA295E382D36D77D00E3DBBB /* UIView + Extentions.swift in Sources */,
			);
			runOnlyForDeploymentPostprocessing = 0;
		};
		EA1368CB2CCC359E00DF4598 /* Sources */ = {
			isa = PBXSourcesBuildPhase;
			buildActionMask = 2147483647;
			files = (
				EA295DB52D36D77D00E3DBBB /* TrackerUITests.swift in Sources */,
				EA295DB62D36D77D00E3DBBB /* TrackerUITestsLaunchTests.swift in Sources */,
			);
			runOnlyForDeploymentPostprocessing = 0;
		};
		EA98ACD02D17785B0054FF05 /* Sources */ = {
			isa = PBXSourcesBuildPhase;
			buildActionMask = 2147483647;
			files = (
				EA295DBD2D36D77D00E3DBBB /* TrackerTests.swift in Sources */,
			);
			runOnlyForDeploymentPostprocessing = 0;
		};
/* End PBXSourcesBuildPhase section */

/* Begin PBXTargetDependency section */
		EA1368D12CCC359E00DF4598 /* PBXTargetDependency */ = {
			isa = PBXTargetDependency;
			target = EA1368AE2CCC359D00DF4598 /* Tracker */;
			targetProxy = EA1368D02CCC359E00DF4598 /* PBXContainerItemProxy */;
		};
		EA98ACD92D17785B0054FF05 /* PBXTargetDependency */ = {
			isa = PBXTargetDependency;
			target = EA1368AE2CCC359D00DF4598 /* Tracker */;
			targetProxy = EA98ACD82D17785B0054FF05 /* PBXContainerItemProxy */;
		};
/* End PBXTargetDependency section */

/* Begin PBXVariantGroup section */
		EA295DDB2D36D77D00E3DBBB /* Localizable.strings */ = {
			isa = PBXVariantGroup;
			children = (
				EA295DD92D36D77D00E3DBBB /* en */,
				EA295DDA2D36D77D00E3DBBB /* ru */,
			);
			name = Localizable.strings;
			sourceTree = "<group>";
		};
		EA295DDE2D36D77D00E3DBBB /* Localizable.stringsdict */ = {
			isa = PBXVariantGroup;
			children = (
				EA295DDC2D36D77D00E3DBBB /* en */,
				EA295DDD2D36D77D00E3DBBB /* ru */,
			);
			name = Localizable.stringsdict;
			sourceTree = "<group>";
		};
		EA295E022D36D77D00E3DBBB /* LaunchScreen.storyboard */ = {
			isa = PBXVariantGroup;
			children = (
				EA295E012D36D77D00E3DBBB /* Base */,
			);
			name = LaunchScreen.storyboard;
			sourceTree = "<group>";
		};
/* End PBXVariantGroup section */

/* Begin XCBuildConfiguration section */
		EA1368D92CCC359E00DF4598 /* Debug */ = {
			isa = XCBuildConfiguration;
			buildSettings = {
				ASSETCATALOG_COMPILER_APPICON_NAME = AppIcon;
				ASSETCATALOG_COMPILER_GLOBAL_ACCENT_COLOR_NAME = AccentColor;
				CODE_SIGN_STYLE = Automatic;
				CURRENT_PROJECT_VERSION = 1;
				DEVELOPMENT_TEAM = 8NKC7JLY7R;
				GENERATE_INFOPLIST_FILE = YES;
				INFOPLIST_FILE = Tracker/Info.plist;
				INFOPLIST_KEY_UIApplicationSupportsIndirectInputEvents = YES;
				INFOPLIST_KEY_UILaunchStoryboardName = LaunchScreen;
				INFOPLIST_KEY_UISupportedInterfaceOrientations_iPad = "UIInterfaceOrientationPortrait UIInterfaceOrientationPortraitUpsideDown UIInterfaceOrientationLandscapeLeft UIInterfaceOrientationLandscapeRight";
				INFOPLIST_KEY_UISupportedInterfaceOrientations_iPhone = "UIInterfaceOrientationPortrait UIInterfaceOrientationLandscapeLeft UIInterfaceOrientationLandscapeRight";
				IPHONEOS_DEPLOYMENT_TARGET = 13.4;
				LD_RUNPATH_SEARCH_PATHS = (
					"$(inherited)",
					"@executable_path/Frameworks",
				);
				MARKETING_VERSION = 13.4;
				PRODUCT_BUNDLE_IDENTIFIER = ru.davidbekoev.Tracker;
				PRODUCT_NAME = "$(TARGET_NAME)";
				SWIFT_EMIT_LOC_STRINGS = YES;
				SWIFT_VERSION = 5.0;
				TARGETED_DEVICE_FAMILY = "1,2";
			};
			name = Debug;
		};
		EA1368DA2CCC359E00DF4598 /* Release */ = {
			isa = XCBuildConfiguration;
			buildSettings = {
				ASSETCATALOG_COMPILER_APPICON_NAME = AppIcon;
				ASSETCATALOG_COMPILER_GLOBAL_ACCENT_COLOR_NAME = AccentColor;
				CODE_SIGN_STYLE = Automatic;
				CURRENT_PROJECT_VERSION = 1;
				DEVELOPMENT_TEAM = 8NKC7JLY7R;
				GENERATE_INFOPLIST_FILE = YES;
				INFOPLIST_FILE = Tracker/Info.plist;
				INFOPLIST_KEY_UIApplicationSupportsIndirectInputEvents = YES;
				INFOPLIST_KEY_UILaunchStoryboardName = LaunchScreen;
				INFOPLIST_KEY_UISupportedInterfaceOrientations_iPad = "UIInterfaceOrientationPortrait UIInterfaceOrientationPortraitUpsideDown UIInterfaceOrientationLandscapeLeft UIInterfaceOrientationLandscapeRight";
				INFOPLIST_KEY_UISupportedInterfaceOrientations_iPhone = "UIInterfaceOrientationPortrait UIInterfaceOrientationLandscapeLeft UIInterfaceOrientationLandscapeRight";
				IPHONEOS_DEPLOYMENT_TARGET = 13.4;
				LD_RUNPATH_SEARCH_PATHS = (
					"$(inherited)",
					"@executable_path/Frameworks",
				);
				MARKETING_VERSION = 18.0;
				PRODUCT_BUNDLE_IDENTIFIER = ru.davidbekoev.Tracker;
				PRODUCT_NAME = "$(TARGET_NAME)";
				SWIFT_EMIT_LOC_STRINGS = YES;
				SWIFT_VERSION = 5.0;
				TARGETED_DEVICE_FAMILY = "1,2";
			};
			name = Release;
		};
		EA1368DB2CCC359E00DF4598 /* Debug */ = {
			isa = XCBuildConfiguration;
			buildSettings = {
				ALWAYS_SEARCH_USER_PATHS = NO;
				ASSETCATALOG_COMPILER_GENERATE_SWIFT_ASSET_SYMBOL_EXTENSIONS = YES;
				CLANG_ANALYZER_LOCALIZABILITY_NONLOCALIZED = YES;
				CLANG_ANALYZER_NONNULL = YES;
				CLANG_ANALYZER_NUMBER_OBJECT_CONVERSION = YES_AGGRESSIVE;
				CLANG_CXX_LANGUAGE_STANDARD = "gnu++20";
				CLANG_ENABLE_MODULES = YES;
				CLANG_ENABLE_OBJC_ARC = YES;
				CLANG_ENABLE_OBJC_WEAK = YES;
				CLANG_WARN_BLOCK_CAPTURE_AUTORELEASING = YES;
				CLANG_WARN_BOOL_CONVERSION = YES;
				CLANG_WARN_COMMA = YES;
				CLANG_WARN_CONSTANT_CONVERSION = YES;
				CLANG_WARN_DEPRECATED_OBJC_IMPLEMENTATIONS = YES;
				CLANG_WARN_DIRECT_OBJC_ISA_USAGE = YES_ERROR;
				CLANG_WARN_DOCUMENTATION_COMMENTS = YES;
				CLANG_WARN_EMPTY_BODY = YES;
				CLANG_WARN_ENUM_CONVERSION = YES;
				CLANG_WARN_INFINITE_RECURSION = YES;
				CLANG_WARN_INT_CONVERSION = YES;
				CLANG_WARN_NON_LITERAL_NULL_CONVERSION = YES;
				CLANG_WARN_OBJC_IMPLICIT_RETAIN_SELF = YES;
				CLANG_WARN_OBJC_LITERAL_CONVERSION = YES;
				CLANG_WARN_OBJC_ROOT_CLASS = YES_ERROR;
				CLANG_WARN_QUOTED_INCLUDE_IN_FRAMEWORK_HEADER = YES;
				CLANG_WARN_RANGE_LOOP_ANALYSIS = YES;
				CLANG_WARN_STRICT_PROTOTYPES = YES;
				CLANG_WARN_SUSPICIOUS_MOVE = YES;
				CLANG_WARN_UNGUARDED_AVAILABILITY = YES_AGGRESSIVE;
				CLANG_WARN_UNREACHABLE_CODE = YES;
				CLANG_WARN__DUPLICATE_METHOD_MATCH = YES;
				COPY_PHASE_STRIP = NO;
				DEBUG_INFORMATION_FORMAT = dwarf;
				ENABLE_STRICT_OBJC_MSGSEND = YES;
				ENABLE_TESTABILITY = YES;
				ENABLE_USER_SCRIPT_SANDBOXING = NO;
				GCC_C_LANGUAGE_STANDARD = gnu17;
				GCC_DYNAMIC_NO_PIC = NO;
				GCC_NO_COMMON_BLOCKS = YES;
				GCC_OPTIMIZATION_LEVEL = 0;
				GCC_PREPROCESSOR_DEFINITIONS = (
					"DEBUG=1",
					"$(inherited)",
				);
				GCC_WARN_64_TO_32_BIT_CONVERSION = YES;
				GCC_WARN_ABOUT_RETURN_TYPE = YES_ERROR;
				GCC_WARN_UNDECLARED_SELECTOR = YES;
				GCC_WARN_UNINITIALIZED_AUTOS = YES_AGGRESSIVE;
				GCC_WARN_UNUSED_FUNCTION = YES;
				GCC_WARN_UNUSED_VARIABLE = YES;
				IPHONEOS_DEPLOYMENT_TARGET = 18.0;
				LOCALIZATION_PREFERS_STRING_CATALOGS = YES;
				MTL_ENABLE_DEBUG_INFO = INCLUDE_SOURCE;
				MTL_FAST_MATH = YES;
				ONLY_ACTIVE_ARCH = YES;
				SDKROOT = iphoneos;
				SWIFT_ACTIVE_COMPILATION_CONDITIONS = "DEBUG $(inherited)";
				SWIFT_OPTIMIZATION_LEVEL = "-Onone";
			};
			name = Debug;
		};
		EA1368DC2CCC359E00DF4598 /* Release */ = {
			isa = XCBuildConfiguration;
			buildSettings = {
				ALWAYS_SEARCH_USER_PATHS = NO;
				ASSETCATALOG_COMPILER_GENERATE_SWIFT_ASSET_SYMBOL_EXTENSIONS = YES;
				CLANG_ANALYZER_LOCALIZABILITY_NONLOCALIZED = YES;
				CLANG_ANALYZER_NONNULL = YES;
				CLANG_ANALYZER_NUMBER_OBJECT_CONVERSION = YES_AGGRESSIVE;
				CLANG_CXX_LANGUAGE_STANDARD = "gnu++20";
				CLANG_ENABLE_MODULES = YES;
				CLANG_ENABLE_OBJC_ARC = YES;
				CLANG_ENABLE_OBJC_WEAK = YES;
				CLANG_WARN_BLOCK_CAPTURE_AUTORELEASING = YES;
				CLANG_WARN_BOOL_CONVERSION = YES;
				CLANG_WARN_COMMA = YES;
				CLANG_WARN_CONSTANT_CONVERSION = YES;
				CLANG_WARN_DEPRECATED_OBJC_IMPLEMENTATIONS = YES;
				CLANG_WARN_DIRECT_OBJC_ISA_USAGE = YES_ERROR;
				CLANG_WARN_DOCUMENTATION_COMMENTS = YES;
				CLANG_WARN_EMPTY_BODY = YES;
				CLANG_WARN_ENUM_CONVERSION = YES;
				CLANG_WARN_INFINITE_RECURSION = YES;
				CLANG_WARN_INT_CONVERSION = YES;
				CLANG_WARN_NON_LITERAL_NULL_CONVERSION = YES;
				CLANG_WARN_OBJC_IMPLICIT_RETAIN_SELF = YES;
				CLANG_WARN_OBJC_LITERAL_CONVERSION = YES;
				CLANG_WARN_OBJC_ROOT_CLASS = YES_ERROR;
				CLANG_WARN_QUOTED_INCLUDE_IN_FRAMEWORK_HEADER = YES;
				CLANG_WARN_RANGE_LOOP_ANALYSIS = YES;
				CLANG_WARN_STRICT_PROTOTYPES = YES;
				CLANG_WARN_SUSPICIOUS_MOVE = YES;
				CLANG_WARN_UNGUARDED_AVAILABILITY = YES_AGGRESSIVE;
				CLANG_WARN_UNREACHABLE_CODE = YES;
				CLANG_WARN__DUPLICATE_METHOD_MATCH = YES;
				COPY_PHASE_STRIP = NO;
				DEBUG_INFORMATION_FORMAT = "dwarf-with-dsym";
				ENABLE_NS_ASSERTIONS = NO;
				ENABLE_STRICT_OBJC_MSGSEND = YES;
				ENABLE_USER_SCRIPT_SANDBOXING = NO;
				GCC_C_LANGUAGE_STANDARD = gnu17;
				GCC_NO_COMMON_BLOCKS = YES;
				GCC_WARN_64_TO_32_BIT_CONVERSION = YES;
				GCC_WARN_ABOUT_RETURN_TYPE = YES_ERROR;
				GCC_WARN_UNDECLARED_SELECTOR = YES;
				GCC_WARN_UNINITIALIZED_AUTOS = YES_AGGRESSIVE;
				GCC_WARN_UNUSED_FUNCTION = YES;
				GCC_WARN_UNUSED_VARIABLE = YES;
				IPHONEOS_DEPLOYMENT_TARGET = 18.0;
				LOCALIZATION_PREFERS_STRING_CATALOGS = YES;
				MTL_ENABLE_DEBUG_INFO = NO;
				MTL_FAST_MATH = YES;
				SDKROOT = iphoneos;
				SWIFT_COMPILATION_MODE = wholemodule;
				VALIDATE_PRODUCT = YES;
			};
			name = Release;
		};
		EA1368E12CCC359E00DF4598 /* Debug */ = {
			isa = XCBuildConfiguration;
			buildSettings = {
				CODE_SIGN_STYLE = Automatic;
				CURRENT_PROJECT_VERSION = 1;
				GENERATE_INFOPLIST_FILE = YES;
				MARKETING_VERSION = 1.0;
				PRODUCT_BUNDLE_IDENTIFIER = ru.davidbekoev.TrackerUITests;
				PRODUCT_NAME = "$(TARGET_NAME)";
				SWIFT_EMIT_LOC_STRINGS = NO;
				SWIFT_VERSION = 5.0;
				TARGETED_DEVICE_FAMILY = "1,2";
				TEST_TARGET_NAME = Tracker;
			};
			name = Debug;
		};
		EA1368E22CCC359E00DF4598 /* Release */ = {
			isa = XCBuildConfiguration;
			buildSettings = {
				CODE_SIGN_STYLE = Automatic;
				CURRENT_PROJECT_VERSION = 1;
				GENERATE_INFOPLIST_FILE = YES;
				MARKETING_VERSION = 1.0;
				PRODUCT_BUNDLE_IDENTIFIER = ru.davidbekoev.TrackerUITests;
				PRODUCT_NAME = "$(TARGET_NAME)";
				SWIFT_EMIT_LOC_STRINGS = NO;
				SWIFT_VERSION = 5.0;
				TARGETED_DEVICE_FAMILY = "1,2";
				TEST_TARGET_NAME = Tracker;
			};
			name = Release;
		};
		EA98ACDB2D17785B0054FF05 /* Debug */ = {
			isa = XCBuildConfiguration;
			buildSettings = {
				BUNDLE_LOADER = "$(TEST_HOST)";
				CODE_SIGN_STYLE = Automatic;
				CURRENT_PROJECT_VERSION = 1;
				GENERATE_INFOPLIST_FILE = YES;
				MARKETING_VERSION = 1.0;
				PRODUCT_BUNDLE_IDENTIFIER = ru.davidbekoev.TrackerTests;
				PRODUCT_NAME = "$(TARGET_NAME)";
				SWIFT_EMIT_LOC_STRINGS = NO;
				SWIFT_VERSION = 5.0;
				TARGETED_DEVICE_FAMILY = "1,2";
				TEST_HOST = "$(BUILT_PRODUCTS_DIR)/Tracker.app/$(BUNDLE_EXECUTABLE_FOLDER_PATH)/Tracker";
			};
			name = Debug;
		};
		EA98ACDC2D17785B0054FF05 /* Release */ = {
			isa = XCBuildConfiguration;
			buildSettings = {
				BUNDLE_LOADER = "$(TEST_HOST)";
				CODE_SIGN_STYLE = Automatic;
				CURRENT_PROJECT_VERSION = 1;
				GENERATE_INFOPLIST_FILE = YES;
				MARKETING_VERSION = 1.0;
				PRODUCT_BUNDLE_IDENTIFIER = ru.davidbekoev.TrackerTests;
				PRODUCT_NAME = "$(TARGET_NAME)";
				SWIFT_EMIT_LOC_STRINGS = NO;
				SWIFT_VERSION = 5.0;
				TARGETED_DEVICE_FAMILY = "1,2";
				TEST_HOST = "$(BUILT_PRODUCTS_DIR)/Tracker.app/$(BUNDLE_EXECUTABLE_FOLDER_PATH)/Tracker";
			};
			name = Release;
		};
/* End XCBuildConfiguration section */

/* Begin XCConfigurationList section */
		EA1368AA2CCC359D00DF4598 /* Build configuration list for PBXProject "Tracker" */ = {
			isa = XCConfigurationList;
			buildConfigurations = (
				EA1368DB2CCC359E00DF4598 /* Debug */,
				EA1368DC2CCC359E00DF4598 /* Release */,
			);
			defaultConfigurationIsVisible = 0;
			defaultConfigurationName = Release;
		};
		EA1368D82CCC359E00DF4598 /* Build configuration list for PBXNativeTarget "Tracker" */ = {
			isa = XCConfigurationList;
			buildConfigurations = (
				EA1368D92CCC359E00DF4598 /* Debug */,
				EA1368DA2CCC359E00DF4598 /* Release */,
			);
			defaultConfigurationIsVisible = 0;
			defaultConfigurationName = Release;
		};
		EA1368E02CCC359E00DF4598 /* Build configuration list for PBXNativeTarget "TrackerUITests" */ = {
			isa = XCConfigurationList;
			buildConfigurations = (
				EA1368E12CCC359E00DF4598 /* Debug */,
				EA1368E22CCC359E00DF4598 /* Release */,
			);
			defaultConfigurationIsVisible = 0;
			defaultConfigurationName = Release;
		};
		EA98ACDA2D17785B0054FF05 /* Build configuration list for PBXNativeTarget "TrackerTests" */ = {
			isa = XCConfigurationList;
			buildConfigurations = (
				EA98ACDB2D17785B0054FF05 /* Debug */,
				EA98ACDC2D17785B0054FF05 /* Release */,
			);
			defaultConfigurationIsVisible = 0;
			defaultConfigurationName = Release;
		};
/* End XCConfigurationList section */

/* Begin XCRemoteSwiftPackageReference section */
		EA0C83542D177F1300E28FFE /* XCRemoteSwiftPackageReference "swift-snapshot-testing" */ = {
			isa = XCRemoteSwiftPackageReference;
			repositoryURL = "https://github.com/pointfreeco/swift-snapshot-testing";
			requirement = {
				kind = upToNextMajorVersion;
				minimumVersion = 1.17.6;
			};
		};
/* End XCRemoteSwiftPackageReference section */

/* Begin XCSwiftPackageProductDependency section */
		EA0C83552D177F1300E28FFE /* InlineSnapshotTesting */ = {
			isa = XCSwiftPackageProductDependency;
			package = EA0C83542D177F1300E28FFE /* XCRemoteSwiftPackageReference "swift-snapshot-testing" */;
			productName = InlineSnapshotTesting;
		};
		EA0C83572D177F1300E28FFE /* SnapshotTesting */ = {
			isa = XCSwiftPackageProductDependency;
			package = EA0C83542D177F1300E28FFE /* XCRemoteSwiftPackageReference "swift-snapshot-testing" */;
			productName = SnapshotTesting;
		};
/* End XCSwiftPackageProductDependency section */

/* Begin XCVersionGroup section */
		EA295DCB2D36D77D00E3DBBB /* Tracker.xcdatamodeld */ = {
			isa = XCVersionGroup;
			children = (
				EA295E082D36D77D00E3DBBB /* Tracker.xcdatamodel */,
			);
			currentVersion = EA295E082D36D77D00E3DBBB /* Tracker.xcdatamodel */;
			path = Tracker.xcdatamodeld;
			sourceTree = "<group>";
			versionGroupType = wrapper.xcdatamodel;
		};
/* End XCVersionGroup section */
	};
	rootObject = EA1368A72CCC359D00DF4598 /* Project object */;
}
